// !$*UTF8*$!
{
	archiveVersion = 1;
	classes = {
	};
	objectVersion = 56;
	objects = {

/* Begin PBXBuildFile section */
		BCF5F6522C4E2058002D9EA0 /* AppDelegate.swift in Sources */ = {isa = PBXBuildFile; fileRef = BCF5F6512C4E2058002D9EA0 /* AppDelegate.swift */; };
		BCF5F6542C4E2058002D9EA0 /* SceneDelegate.swift in Sources */ = {isa = PBXBuildFile; fileRef = BCF5F6532C4E2058002D9EA0 /* SceneDelegate.swift */; };
		BCF5F6562C4E2058002D9EA0 /* SplashViewController.swift in Sources */ = {isa = PBXBuildFile; fileRef = BCF5F6552C4E2058002D9EA0 /* SplashViewController.swift */; };
		BCF5F65B2C4E2059002D9EA0 /* Assets.xcassets in Resources */ = {isa = PBXBuildFile; fileRef = BCF5F65A2C4E2059002D9EA0 /* Assets.xcassets */; };
		BCF5F65E2C4E2059002D9EA0 /* Base in Resources */ = {isa = PBXBuildFile; fileRef = BCF5F65D2C4E2059002D9EA0 /* Base */; };
		BCF5F6682C4E2141002D9EA0 /* .gitignore in Resources */ = {isa = PBXBuildFile; fileRef = BCF5F6672C4E2141002D9EA0 /* .gitignore */; };
		BCF5F66C2C4E23E5002D9EA0 /* APIKey.swift in Sources */ = {isa = PBXBuildFile; fileRef = BCF5F66B2C4E23E5002D9EA0 /* APIKey.swift */; };
		BCF5F6732C4E24EC002D9EA0 /* APIRouter.swift in Sources */ = {isa = PBXBuildFile; fileRef = BCF5F6722C4E24EC002D9EA0 /* APIRouter.swift */; };
		BCF5F6762C4E2574002D9EA0 /* SnapKit in Frameworks */ = {isa = PBXBuildFile; productRef = BCF5F6752C4E2574002D9EA0 /* SnapKit */; };
		BCF5F6792C4E257A002D9EA0 /* Then in Frameworks */ = {isa = PBXBuildFile; productRef = BCF5F6782C4E257A002D9EA0 /* Then */; };
		BCF5F67C2C4E2589002D9EA0 /* Alamofire in Frameworks */ = {isa = PBXBuildFile; productRef = BCF5F67B2C4E2589002D9EA0 /* Alamofire */; };
		BCF5F67F2C4E2594002D9EA0 /* Toast in Frameworks */ = {isa = PBXBuildFile; productRef = BCF5F67E2C4E2594002D9EA0 /* Toast */; };
		BCF5F6822C4E259A002D9EA0 /* Kingfisher in Frameworks */ = {isa = PBXBuildFile; productRef = BCF5F6812C4E259A002D9EA0 /* Kingfisher */; };
		BCF5F6852C4E25A3002D9EA0 /* IQKeyboardManagerSwift in Frameworks */ = {isa = PBXBuildFile; productRef = BCF5F6842C4E25A3002D9EA0 /* IQKeyboardManagerSwift */; };
		BCF5F6882C4E25D8002D9EA0 /* RealmSwift in Frameworks */ = {isa = PBXBuildFile; productRef = BCF5F6872C4E25D8002D9EA0 /* RealmSwift */; };
		BCF5F68A2C4E2AA3002D9EA0 /* APIClient.swift in Sources */ = {isa = PBXBuildFile; fileRef = BCF5F6892C4E2AA3002D9EA0 /* APIClient.swift */; };
		BCF5F68C2C4E2B30002D9EA0 /* APIError.swift in Sources */ = {isa = PBXBuildFile; fileRef = BCF5F68B2C4E2B30002D9EA0 /* APIError.swift */; };
		BCF5F68F2C4E2BBF002D9EA0 /* SearchPhotosResponse.swift in Sources */ = {isa = PBXBuildFile; fileRef = BCF5F68E2C4E2BBF002D9EA0 /* SearchPhotosResponse.swift */; };
		BCF5F6942C4E3277002D9EA0 /* UIColor+Extension.swift in Sources */ = {isa = PBXBuildFile; fileRef = BCF5F6932C4E3277002D9EA0 /* UIColor+Extension.swift */; };
		BCF5F6972C4E336C002D9EA0 /* HexaColor.swift in Sources */ = {isa = PBXBuildFile; fileRef = BCF5F6962C4E336C002D9EA0 /* HexaColor.swift */; };
		BCF5F6982C4E377B002D9EA0 /* RealmSwift in Embed Frameworks */ = {isa = PBXBuildFile; productRef = BCF5F6872C4E25D8002D9EA0 /* RealmSwift */; settings = {ATTRIBUTES = (CodeSignOnCopy, ); }; };
		BCF5F69B2C4E414A002D9EA0 /* APIManager.swift in Sources */ = {isa = PBXBuildFile; fileRef = BCF5F69A2C4E414A002D9EA0 /* APIManager.swift */; };
		BCF5F69D2C4E464C002D9EA0 /* BaseViewController.swift in Sources */ = {isa = PBXBuildFile; fileRef = BCF5F69C2C4E464C002D9EA0 /* BaseViewController.swift */; };
		BCF5F69F2C4E46ED002D9EA0 /* Resource.swift in Sources */ = {isa = PBXBuildFile; fileRef = BCF5F69E2C4E46ED002D9EA0 /* Resource.swift */; };
		BCF5F6A42C4E4CFB002D9EA0 /* SplashViewModel.swift in Sources */ = {isa = PBXBuildFile; fileRef = BCF5F6A32C4E4CFB002D9EA0 /* SplashViewModel.swift */; };
		BCF5F6A62C4E4D9D002D9EA0 /* BaseViewModel.swift in Sources */ = {isa = PBXBuildFile; fileRef = BCF5F6A52C4E4D9D002D9EA0 /* BaseViewModel.swift */; };
		BCF5F6A82C4E4DB7002D9EA0 /* BaseView.swift in Sources */ = {isa = PBXBuildFile; fileRef = BCF5F6A72C4E4DB7002D9EA0 /* BaseView.swift */; };
		BCF5F6AA2C4E4F0F002D9EA0 /* RealmRepository.swift in Sources */ = {isa = PBXBuildFile; fileRef = BCF5F6A92C4E4F0F002D9EA0 /* RealmRepository.swift */; };
		BCF5F6AC2C4E4F46002D9EA0 /* RespositoryResult.swift in Sources */ = {isa = PBXBuildFile; fileRef = BCF5F6AB2C4E4F46002D9EA0 /* RespositoryResult.swift */; };
		BCF5F6AF2C4E4FA3002D9EA0 /* ViewTransition.swift in Sources */ = {isa = PBXBuildFile; fileRef = BCF5F6AE2C4E4FA3002D9EA0 /* ViewTransition.swift */; };
		BCF5F6B12C4E4FC0002D9EA0 /* ColumnManager.swift in Sources */ = {isa = PBXBuildFile; fileRef = BCF5F6B02C4E4FC0002D9EA0 /* ColumnManager.swift */; };
		BCF5F6B32C4E4FFC002D9EA0 /* ReusableIdentifier.swift in Sources */ = {isa = PBXBuildFile; fileRef = BCF5F6B22C4E4FFB002D9EA0 /* ReusableIdentifier.swift */; };
		BCF5F6B62C4E5055002D9EA0 /* User.swift in Sources */ = {isa = PBXBuildFile; fileRef = BCF5F6B52C4E5055002D9EA0 /* User.swift */; };
		BCF5F6B82C4E51F2002D9EA0 /* LikedPhoto.swift in Sources */ = {isa = PBXBuildFile; fileRef = BCF5F6B72C4E51F2002D9EA0 /* LikedPhoto.swift */; };
		BCF5F6BA2C4E529B002D9EA0 /* PhotoManager.swift in Sources */ = {isa = PBXBuildFile; fileRef = BCF5F6B92C4E529B002D9EA0 /* PhotoManager.swift */; };
		BCF5F6BD2C4E52E1002D9EA0 /* Utils.swift in Sources */ = {isa = PBXBuildFile; fileRef = BCF5F6BC2C4E52E1002D9EA0 /* Utils.swift */; };
		BCF5F6BF2C4E533C002D9EA0 /* TextInputFilter.swift in Sources */ = {isa = PBXBuildFile; fileRef = BCF5F6BE2C4E533C002D9EA0 /* TextInputFilter.swift */; };
		BCF5F6C12C4E5940002D9EA0 /* Observable.swift in Sources */ = {isa = PBXBuildFile; fileRef = BCF5F6C02C4E5940002D9EA0 /* Observable.swift */; };
		BCF5F6C32C4E59DA002D9EA0 /* TextInputError.swift in Sources */ = {isa = PBXBuildFile; fileRef = BCF5F6C22C4E59DA002D9EA0 /* TextInputError.swift */; };
		BCF5F6C72C4E5A47002D9EA0 /* SplashView.swift in Sources */ = {isa = PBXBuildFile; fileRef = BCF5F6C62C4E5A47002D9EA0 /* SplashView.swift */; };
		BCF5F6CB2C4E5B1E002D9EA0 /* OnboardingViewController.swift in Sources */ = {isa = PBXBuildFile; fileRef = BCF5F6CA2C4E5B1E002D9EA0 /* OnboardingViewController.swift */; };
		BCF5F6CD2C4E5B2D002D9EA0 /* OnboardingView.swift in Sources */ = {isa = PBXBuildFile; fileRef = BCF5F6CC2C4E5B2D002D9EA0 /* OnboardingView.swift */; };
		BCF5F6D22C4E5CC6002D9EA0 /* SignUpView.swift in Sources */ = {isa = PBXBuildFile; fileRef = BCF5F6D12C4E5CC6002D9EA0 /* SignUpView.swift */; };
		BCF5F6D42C4E5CD1002D9EA0 /* SignUpViewController.swift in Sources */ = {isa = PBXBuildFile; fileRef = BCF5F6D32C4E5CD1002D9EA0 /* SignUpViewController.swift */; };
		BCF5F6D62C4E5D09002D9EA0 /* SignUpViewModel.swift in Sources */ = {isa = PBXBuildFile; fileRef = BCF5F6D52C4E5D09002D9EA0 /* SignUpViewModel.swift */; };
		BCF5F6D82C4E5D2C002D9EA0 /* UIImage+Extension.swift in Sources */ = {isa = PBXBuildFile; fileRef = BCF5F6D72C4E5D2C002D9EA0 /* UIImage+Extension.swift */; };
		BCF5F6DA2C4E5E93002D9EA0 /* UIViewController + Extension.swift in Sources */ = {isa = PBXBuildFile; fileRef = BCF5F6D92C4E5E93002D9EA0 /* UIViewController + Extension.swift */; };
/* End PBXBuildFile section */

/* Begin PBXCopyFilesBuildPhase section */
		BCF5F6992C4E377B002D9EA0 /* Embed Frameworks */ = {
			isa = PBXCopyFilesBuildPhase;
			buildActionMask = 2147483647;
			dstPath = "";
			dstSubfolderSpec = 10;
			files = (
				BCF5F6982C4E377B002D9EA0 /* RealmSwift in Embed Frameworks */,
			);
			name = "Embed Frameworks";
			runOnlyForDeploymentPostprocessing = 0;
		};
/* End PBXCopyFilesBuildPhase section */

/* Begin PBXFileReference section */
		BCF5F64E2C4E2058002D9EA0 /* UnsplashMobile.app */ = {isa = PBXFileReference; explicitFileType = wrapper.application; includeInIndex = 0; path = UnsplashMobile.app; sourceTree = BUILT_PRODUCTS_DIR; };
		BCF5F6512C4E2058002D9EA0 /* AppDelegate.swift */ = {isa = PBXFileReference; lastKnownFileType = sourcecode.swift; path = AppDelegate.swift; sourceTree = "<group>"; };
		BCF5F6532C4E2058002D9EA0 /* SceneDelegate.swift */ = {isa = PBXFileReference; lastKnownFileType = sourcecode.swift; path = SceneDelegate.swift; sourceTree = "<group>"; };
		BCF5F6552C4E2058002D9EA0 /* SplashViewController.swift */ = {isa = PBXFileReference; lastKnownFileType = sourcecode.swift; path = SplashViewController.swift; sourceTree = "<group>"; };
		BCF5F65A2C4E2059002D9EA0 /* Assets.xcassets */ = {isa = PBXFileReference; lastKnownFileType = folder.assetcatalog; path = Assets.xcassets; sourceTree = "<group>"; };
		BCF5F65D2C4E2059002D9EA0 /* Base */ = {isa = PBXFileReference; lastKnownFileType = file.storyboard; name = Base; path = Base.lproj/LaunchScreen.storyboard; sourceTree = "<group>"; };
		BCF5F65F2C4E2059002D9EA0 /* Info.plist */ = {isa = PBXFileReference; lastKnownFileType = text.plist.xml; path = Info.plist; sourceTree = "<group>"; };
		BCF5F6672C4E2141002D9EA0 /* .gitignore */ = {isa = PBXFileReference; lastKnownFileType = text; path = .gitignore; sourceTree = "<group>"; };
		BCF5F66B2C4E23E5002D9EA0 /* APIKey.swift */ = {isa = PBXFileReference; lastKnownFileType = sourcecode.swift; path = APIKey.swift; sourceTree = "<group>"; };
		BCF5F6722C4E24EC002D9EA0 /* APIRouter.swift */ = {isa = PBXFileReference; lastKnownFileType = sourcecode.swift; path = APIRouter.swift; sourceTree = "<group>"; };
		BCF5F6892C4E2AA3002D9EA0 /* APIClient.swift */ = {isa = PBXFileReference; lastKnownFileType = sourcecode.swift; path = APIClient.swift; sourceTree = "<group>"; };
		BCF5F68B2C4E2B30002D9EA0 /* APIError.swift */ = {isa = PBXFileReference; lastKnownFileType = sourcecode.swift; path = APIError.swift; sourceTree = "<group>"; };
		BCF5F68E2C4E2BBF002D9EA0 /* SearchPhotosResponse.swift */ = {isa = PBXFileReference; lastKnownFileType = sourcecode.swift; path = SearchPhotosResponse.swift; sourceTree = "<group>"; };
		BCF5F6932C4E3277002D9EA0 /* UIColor+Extension.swift */ = {isa = PBXFileReference; lastKnownFileType = sourcecode.swift; path = "UIColor+Extension.swift"; sourceTree = "<group>"; };
		BCF5F6962C4E336C002D9EA0 /* HexaColor.swift */ = {isa = PBXFileReference; lastKnownFileType = sourcecode.swift; path = HexaColor.swift; sourceTree = "<group>"; };
		BCF5F69A2C4E414A002D9EA0 /* APIManager.swift */ = {isa = PBXFileReference; lastKnownFileType = sourcecode.swift; path = APIManager.swift; sourceTree = "<group>"; };
		BCF5F69C2C4E464C002D9EA0 /* BaseViewController.swift */ = {isa = PBXFileReference; lastKnownFileType = sourcecode.swift; path = BaseViewController.swift; sourceTree = "<group>"; };
		BCF5F69E2C4E46ED002D9EA0 /* Resource.swift */ = {isa = PBXFileReference; lastKnownFileType = sourcecode.swift; path = Resource.swift; sourceTree = "<group>"; };
		BCF5F6A32C4E4CFB002D9EA0 /* SplashViewModel.swift */ = {isa = PBXFileReference; lastKnownFileType = sourcecode.swift; path = SplashViewModel.swift; sourceTree = "<group>"; };
		BCF5F6A52C4E4D9D002D9EA0 /* BaseViewModel.swift */ = {isa = PBXFileReference; lastKnownFileType = sourcecode.swift; path = BaseViewModel.swift; sourceTree = "<group>"; };
		BCF5F6A72C4E4DB7002D9EA0 /* BaseView.swift */ = {isa = PBXFileReference; lastKnownFileType = sourcecode.swift; path = BaseView.swift; sourceTree = "<group>"; };
		BCF5F6A92C4E4F0F002D9EA0 /* RealmRepository.swift */ = {isa = PBXFileReference; lastKnownFileType = sourcecode.swift; path = RealmRepository.swift; sourceTree = "<group>"; };
		BCF5F6AB2C4E4F46002D9EA0 /* RespositoryResult.swift */ = {isa = PBXFileReference; lastKnownFileType = sourcecode.swift; path = RespositoryResult.swift; sourceTree = "<group>"; };
		BCF5F6AE2C4E4FA3002D9EA0 /* ViewTransition.swift */ = {isa = PBXFileReference; lastKnownFileType = sourcecode.swift; path = ViewTransition.swift; sourceTree = "<group>"; };
		BCF5F6B02C4E4FC0002D9EA0 /* ColumnManager.swift */ = {isa = PBXFileReference; lastKnownFileType = sourcecode.swift; path = ColumnManager.swift; sourceTree = "<group>"; };
		BCF5F6B22C4E4FFB002D9EA0 /* ReusableIdentifier.swift */ = {isa = PBXFileReference; lastKnownFileType = sourcecode.swift; path = ReusableIdentifier.swift; sourceTree = "<group>"; };
		BCF5F6B52C4E5055002D9EA0 /* User.swift */ = {isa = PBXFileReference; lastKnownFileType = sourcecode.swift; path = User.swift; sourceTree = "<group>"; };
		BCF5F6B72C4E51F2002D9EA0 /* LikedPhoto.swift */ = {isa = PBXFileReference; lastKnownFileType = sourcecode.swift; path = LikedPhoto.swift; sourceTree = "<group>"; };
		BCF5F6B92C4E529B002D9EA0 /* PhotoManager.swift */ = {isa = PBXFileReference; lastKnownFileType = sourcecode.swift; path = PhotoManager.swift; sourceTree = "<group>"; };
		BCF5F6BC2C4E52E1002D9EA0 /* Utils.swift */ = {isa = PBXFileReference; lastKnownFileType = sourcecode.swift; path = Utils.swift; sourceTree = "<group>"; };
		BCF5F6BE2C4E533C002D9EA0 /* TextInputFilter.swift */ = {isa = PBXFileReference; lastKnownFileType = sourcecode.swift; path = TextInputFilter.swift; sourceTree = "<group>"; };
		BCF5F6C02C4E5940002D9EA0 /* Observable.swift */ = {isa = PBXFileReference; lastKnownFileType = sourcecode.swift; path = Observable.swift; sourceTree = "<group>"; };
		BCF5F6C22C4E59DA002D9EA0 /* TextInputError.swift */ = {isa = PBXFileReference; lastKnownFileType = sourcecode.swift; path = TextInputError.swift; sourceTree = "<group>"; };
		BCF5F6C62C4E5A47002D9EA0 /* SplashView.swift */ = {isa = PBXFileReference; lastKnownFileType = sourcecode.swift; path = SplashView.swift; sourceTree = "<group>"; };
		BCF5F6CA2C4E5B1E002D9EA0 /* OnboardingViewController.swift */ = {isa = PBXFileReference; lastKnownFileType = sourcecode.swift; path = OnboardingViewController.swift; sourceTree = "<group>"; };
		BCF5F6CC2C4E5B2D002D9EA0 /* OnboardingView.swift */ = {isa = PBXFileReference; lastKnownFileType = sourcecode.swift; path = OnboardingView.swift; sourceTree = "<group>"; };
		BCF5F6D12C4E5CC6002D9EA0 /* SignUpView.swift */ = {isa = PBXFileReference; lastKnownFileType = sourcecode.swift; path = SignUpView.swift; sourceTree = "<group>"; };
		BCF5F6D32C4E5CD1002D9EA0 /* SignUpViewController.swift */ = {isa = PBXFileReference; lastKnownFileType = sourcecode.swift; path = SignUpViewController.swift; sourceTree = "<group>"; };
		BCF5F6D52C4E5D09002D9EA0 /* SignUpViewModel.swift */ = {isa = PBXFileReference; lastKnownFileType = sourcecode.swift; path = SignUpViewModel.swift; sourceTree = "<group>"; };
		BCF5F6D72C4E5D2C002D9EA0 /* UIImage+Extension.swift */ = {isa = PBXFileReference; lastKnownFileType = sourcecode.swift; path = "UIImage+Extension.swift"; sourceTree = "<group>"; };
		BCF5F6D92C4E5E93002D9EA0 /* UIViewController + Extension.swift */ = {isa = PBXFileReference; lastKnownFileType = sourcecode.swift; path = "UIViewController + Extension.swift"; sourceTree = "<group>"; };
/* End PBXFileReference section */

/* Begin PBXFrameworksBuildPhase section */
		BCF5F64B2C4E2058002D9EA0 /* Frameworks */ = {
			isa = PBXFrameworksBuildPhase;
			buildActionMask = 2147483647;
			files = (
				BCF5F67F2C4E2594002D9EA0 /* Toast in Frameworks */,
				BCF5F67C2C4E2589002D9EA0 /* Alamofire in Frameworks */,
				BCF5F6882C4E25D8002D9EA0 /* RealmSwift in Frameworks */,
				BCF5F6762C4E2574002D9EA0 /* SnapKit in Frameworks */,
				BCF5F6792C4E257A002D9EA0 /* Then in Frameworks */,
				BCF5F6822C4E259A002D9EA0 /* Kingfisher in Frameworks */,
				BCF5F6852C4E25A3002D9EA0 /* IQKeyboardManagerSwift in Frameworks */,
			);
			runOnlyForDeploymentPostprocessing = 0;
		};
/* End PBXFrameworksBuildPhase section */

/* Begin PBXGroup section */
		BCF5F6452C4E2058002D9EA0 = {
			isa = PBXGroup;
			children = (
				BCF5F6672C4E2141002D9EA0 /* .gitignore */,
				BCF5F6502C4E2058002D9EA0 /* UnsplashMobile */,
				BCF5F64F2C4E2058002D9EA0 /* Products */,
			);
			sourceTree = "<group>";
		};
		BCF5F64F2C4E2058002D9EA0 /* Products */ = {
			isa = PBXGroup;
			children = (
				BCF5F64E2C4E2058002D9EA0 /* UnsplashMobile.app */,
			);
			name = Products;
			sourceTree = "<group>";
		};
		BCF5F6502C4E2058002D9EA0 /* UnsplashMobile */ = {
			isa = PBXGroup;
			children = (
				BCF5F6692C4E239C002D9EA0 /* Common */,
				BCF5F66F2C4E248A002D9EA0 /* Domain */,
				BCF5F6512C4E2058002D9EA0 /* AppDelegate.swift */,
				BCF5F6532C4E2058002D9EA0 /* SceneDelegate.swift */,
				BCF5F65A2C4E2059002D9EA0 /* Assets.xcassets */,
				BCF5F65C2C4E2059002D9EA0 /* LaunchScreen.storyboard */,
				BCF5F65F2C4E2059002D9EA0 /* Info.plist */,
			);
			path = UnsplashMobile;
			sourceTree = "<group>";
		};
		BCF5F6692C4E239C002D9EA0 /* Common */ = {
			isa = PBXGroup;
			children = (
				BCF5F6BB2C4E52D8002D9EA0 /* Util */,
				BCF5F6AD2C4E4F89002D9EA0 /* Protocol */,
				BCF5F6952C4E3360002D9EA0 /* Resource */,
				BCF5F6922C4E326B002D9EA0 /* Extension */,
				BCF5F66D2C4E2475002D9EA0 /* Repository */,
				BCF5F66A2C4E23DB002D9EA0 /* Network */,
			);
			path = Common;
			sourceTree = "<group>";
		};
		BCF5F66A2C4E23DB002D9EA0 /* Network */ = {
			isa = PBXGroup;
			children = (
				BCF5F68D2C4E2B8A002D9EA0 /* Model */,
				BCF5F66B2C4E23E5002D9EA0 /* APIKey.swift */,
				BCF5F6722C4E24EC002D9EA0 /* APIRouter.swift */,
				BCF5F6892C4E2AA3002D9EA0 /* APIClient.swift */,
				BCF5F68B2C4E2B30002D9EA0 /* APIError.swift */,
				BCF5F69A2C4E414A002D9EA0 /* APIManager.swift */,
			);
			path = Network;
			sourceTree = "<group>";
		};
		BCF5F66D2C4E2475002D9EA0 /* Repository */ = {
			isa = PBXGroup;
			children = (
				BCF5F6B42C4E504E002D9EA0 /* Model */,
				BCF5F6A92C4E4F0F002D9EA0 /* RealmRepository.swift */,
				BCF5F6AB2C4E4F46002D9EA0 /* RespositoryResult.swift */,
				BCF5F6B92C4E529B002D9EA0 /* PhotoManager.swift */,
			);
			path = Repository;
			sourceTree = "<group>";
		};
		BCF5F66E2C4E2480002D9EA0 /* Base */ = {
			isa = PBXGroup;
			children = (
				BCF5F69C2C4E464C002D9EA0 /* BaseViewController.swift */,
				BCF5F6A52C4E4D9D002D9EA0 /* BaseViewModel.swift */,
				BCF5F6A72C4E4DB7002D9EA0 /* BaseView.swift */,
				BCF5F6C02C4E5940002D9EA0 /* Observable.swift */,
			);
			path = Base;
			sourceTree = "<group>";
		};
		BCF5F66F2C4E248A002D9EA0 /* Domain */ = {
			isa = PBXGroup;
			children = (
				BCF5F66E2C4E2480002D9EA0 /* Base */,
				BCF5F6702C4E24C0002D9EA0 /* Auth */,
				BCF5F6712C4E24CE002D9EA0 /* Unsplah */,
			);
			path = Domain;
			sourceTree = "<group>";
		};
		BCF5F6702C4E24C0002D9EA0 /* Auth */ = {
			isa = PBXGroup;
			children = (
				BCF5F6A02C4E4CC6002D9EA0 /* Splash */,
				BCF5F6C52C4E5A35002D9EA0 /* Onboarding */,
				BCF5F6CE2C4E5CA3002D9EA0 /* SignUp */,
			);
			path = Auth;
			sourceTree = "<group>";
		};
		BCF5F6712C4E24CE002D9EA0 /* Unsplah */ = {
			isa = PBXGroup;
			children = (
				BCF5F6C42C4E5A21002D9EA0 /* TabBar */,
			);
			path = Unsplah;
			sourceTree = "<group>";
		};
		BCF5F68D2C4E2B8A002D9EA0 /* Model */ = {
			isa = PBXGroup;
			children = (
				BCF5F68E2C4E2BBF002D9EA0 /* SearchPhotosResponse.swift */,
			);
			path = Model;
			sourceTree = "<group>";
		};
		BCF5F6922C4E326B002D9EA0 /* Extension */ = {
			isa = PBXGroup;
			children = (
				BCF5F6932C4E3277002D9EA0 /* UIColor+Extension.swift */,
				BCF5F6D72C4E5D2C002D9EA0 /* UIImage+Extension.swift */,
				BCF5F6D92C4E5E93002D9EA0 /* UIViewController + Extension.swift */,
			);
			path = Extension;
			sourceTree = "<group>";
		};
		BCF5F6952C4E3360002D9EA0 /* Resource */ = {
			isa = PBXGroup;
			children = (
				BCF5F6962C4E336C002D9EA0 /* HexaColor.swift */,
				BCF5F69E2C4E46ED002D9EA0 /* Resource.swift */,
			);
			path = Resource;
			sourceTree = "<group>";
		};
		BCF5F6A02C4E4CC6002D9EA0 /* Splash */ = {
			isa = PBXGroup;
			children = (
				BCF5F6A22C4E4CE1002D9EA0 /* View */,
				BCF5F6A12C4E4CD8002D9EA0 /* ViewModel */,
			);
			path = Splash;
			sourceTree = "<group>";
		};
		BCF5F6A12C4E4CD8002D9EA0 /* ViewModel */ = {
			isa = PBXGroup;
			children = (
				BCF5F6A32C4E4CFB002D9EA0 /* SplashViewModel.swift */,
			);
			path = ViewModel;
			sourceTree = "<group>";
		};
		BCF5F6A22C4E4CE1002D9EA0 /* View */ = {
			isa = PBXGroup;
			children = (
				BCF5F6C62C4E5A47002D9EA0 /* SplashView.swift */,
				BCF5F6552C4E2058002D9EA0 /* SplashViewController.swift */,
			);
			path = View;
			sourceTree = "<group>";
		};
		BCF5F6AD2C4E4F89002D9EA0 /* Protocol */ = {
			isa = PBXGroup;
			children = (
				BCF5F6AE2C4E4FA3002D9EA0 /* ViewTransition.swift */,
				BCF5F6B02C4E4FC0002D9EA0 /* ColumnManager.swift */,
				BCF5F6B22C4E4FFB002D9EA0 /* ReusableIdentifier.swift */,
			);
			path = Protocol;
			sourceTree = "<group>";
		};
		BCF5F6B42C4E504E002D9EA0 /* Model */ = {
			isa = PBXGroup;
			children = (
				BCF5F6B52C4E5055002D9EA0 /* User.swift */,
				BCF5F6B72C4E51F2002D9EA0 /* LikedPhoto.swift */,
			);
			path = Model;
			sourceTree = "<group>";
		};
		BCF5F6BB2C4E52D8002D9EA0 /* Util */ = {
			isa = PBXGroup;
			children = (
				BCF5F6BC2C4E52E1002D9EA0 /* Utils.swift */,
				BCF5F6BE2C4E533C002D9EA0 /* TextInputFilter.swift */,
				BCF5F6C22C4E59DA002D9EA0 /* TextInputError.swift */,
			);
			path = Util;
			sourceTree = "<group>";
		};
		BCF5F6C42C4E5A21002D9EA0 /* TabBar */ = {
			isa = PBXGroup;
			children = (
			);
			path = TabBar;
			sourceTree = "<group>";
		};
		BCF5F6C52C4E5A35002D9EA0 /* Onboarding */ = {
			isa = PBXGroup;
			children = (
				BCF5F6C82C4E5AE6002D9EA0 /* View */,
			);
			path = Onboarding;
			sourceTree = "<group>";
		};
		BCF5F6C82C4E5AE6002D9EA0 /* View */ = {
			isa = PBXGroup;
			children = (
				BCF5F6CC2C4E5B2D002D9EA0 /* OnboardingView.swift */,
				BCF5F6CA2C4E5B1E002D9EA0 /* OnboardingViewController.swift */,
			);
			path = View;
			sourceTree = "<group>";
		};
		BCF5F6CE2C4E5CA3002D9EA0 /* SignUp */ = {
			isa = PBXGroup;
			children = (
				BCF5F6D02C4E5CBA002D9EA0 /* View */,
				BCF5F6CF2C4E5CB1002D9EA0 /* ViewModel */,
			);
			path = SignUp;
			sourceTree = "<group>";
		};
		BCF5F6CF2C4E5CB1002D9EA0 /* ViewModel */ = {
			isa = PBXGroup;
			children = (
				BCF5F6D52C4E5D09002D9EA0 /* SignUpViewModel.swift */,
			);
			path = ViewModel;
			sourceTree = "<group>";
		};
		BCF5F6D02C4E5CBA002D9EA0 /* View */ = {
			isa = PBXGroup;
			children = (
				BCF5F6D12C4E5CC6002D9EA0 /* SignUpView.swift */,
				BCF5F6D32C4E5CD1002D9EA0 /* SignUpViewController.swift */,
			);
			path = View;
			sourceTree = "<group>";
		};
/* End PBXGroup section */

/* Begin PBXNativeTarget section */
		BCF5F64D2C4E2058002D9EA0 /* UnsplashMobile */ = {
			isa = PBXNativeTarget;
			buildConfigurationList = BCF5F6622C4E2059002D9EA0 /* Build configuration list for PBXNativeTarget "UnsplashMobile" */;
			buildPhases = (
				BCF5F64A2C4E2058002D9EA0 /* Sources */,
				BCF5F64B2C4E2058002D9EA0 /* Frameworks */,
				BCF5F64C2C4E2058002D9EA0 /* Resources */,
				BCF5F6992C4E377B002D9EA0 /* Embed Frameworks */,
			);
			buildRules = (
			);
			dependencies = (
			);
			name = UnsplashMobile;
			packageProductDependencies = (
				BCF5F6752C4E2574002D9EA0 /* SnapKit */,
				BCF5F6782C4E257A002D9EA0 /* Then */,
				BCF5F67B2C4E2589002D9EA0 /* Alamofire */,
				BCF5F67E2C4E2594002D9EA0 /* Toast */,
				BCF5F6812C4E259A002D9EA0 /* Kingfisher */,
				BCF5F6842C4E25A3002D9EA0 /* IQKeyboardManagerSwift */,
				BCF5F6872C4E25D8002D9EA0 /* RealmSwift */,
			);
			productName = UnsplashMobile;
			productReference = BCF5F64E2C4E2058002D9EA0 /* UnsplashMobile.app */;
			productType = "com.apple.product-type.application";
		};
/* End PBXNativeTarget section */

/* Begin PBXProject section */
		BCF5F6462C4E2058002D9EA0 /* Project object */ = {
			isa = PBXProject;
			attributes = {
				BuildIndependentTargetsInParallel = 1;
				LastSwiftUpdateCheck = 1540;
				LastUpgradeCheck = 1540;
				TargetAttributes = {
					BCF5F64D2C4E2058002D9EA0 = {
						CreatedOnToolsVersion = 15.4;
					};
				};
			};
			buildConfigurationList = BCF5F6492C4E2058002D9EA0 /* Build configuration list for PBXProject "UnsplashMobile" */;
			compatibilityVersion = "Xcode 14.0";
			developmentRegion = en;
			hasScannedForEncodings = 0;
			knownRegions = (
				en,
				Base,
			);
			mainGroup = BCF5F6452C4E2058002D9EA0;
			packageReferences = (
				BCF5F6742C4E2574002D9EA0 /* XCRemoteSwiftPackageReference "SnapKit" */,
				BCF5F6772C4E257A002D9EA0 /* XCRemoteSwiftPackageReference "Then" */,
				BCF5F67A2C4E2589002D9EA0 /* XCRemoteSwiftPackageReference "Alamofire" */,
				BCF5F67D2C4E2594002D9EA0 /* XCRemoteSwiftPackageReference "Toast-Swift" */,
				BCF5F6802C4E259A002D9EA0 /* XCRemoteSwiftPackageReference "Kingfisher" */,
				BCF5F6832C4E25A3002D9EA0 /* XCRemoteSwiftPackageReference "IQKeyboardManager" */,
				BCF5F6862C4E25D8002D9EA0 /* XCRemoteSwiftPackageReference "realm-swift" */,
			);
			productRefGroup = BCF5F64F2C4E2058002D9EA0 /* Products */;
			projectDirPath = "";
			projectRoot = "";
			targets = (
				BCF5F64D2C4E2058002D9EA0 /* UnsplashMobile */,
			);
		};
/* End PBXProject section */

/* Begin PBXResourcesBuildPhase section */
		BCF5F64C2C4E2058002D9EA0 /* Resources */ = {
			isa = PBXResourcesBuildPhase;
			buildActionMask = 2147483647;
			files = (
				BCF5F65B2C4E2059002D9EA0 /* Assets.xcassets in Resources */,
				BCF5F6682C4E2141002D9EA0 /* .gitignore in Resources */,
				BCF5F65E2C4E2059002D9EA0 /* Base in Resources */,
			);
			runOnlyForDeploymentPostprocessing = 0;
		};
/* End PBXResourcesBuildPhase section */

/* Begin PBXSourcesBuildPhase section */
		BCF5F64A2C4E2058002D9EA0 /* Sources */ = {
			isa = PBXSourcesBuildPhase;
			buildActionMask = 2147483647;
			files = (
				BCF5F6D42C4E5CD1002D9EA0 /* SignUpViewController.swift in Sources */,
				BCF5F69F2C4E46ED002D9EA0 /* Resource.swift in Sources */,
				BCF5F6B82C4E51F2002D9EA0 /* LikedPhoto.swift in Sources */,
				BCF5F6B12C4E4FC0002D9EA0 /* ColumnManager.swift in Sources */,
				BCF5F69B2C4E414A002D9EA0 /* APIManager.swift in Sources */,
				BCF5F6562C4E2058002D9EA0 /* SplashViewController.swift in Sources */,
				BCF5F6BD2C4E52E1002D9EA0 /* Utils.swift in Sources */,
				BCF5F6A42C4E4CFB002D9EA0 /* SplashViewModel.swift in Sources */,
				BCF5F6CB2C4E5B1E002D9EA0 /* OnboardingViewController.swift in Sources */,
				BCF5F6732C4E24EC002D9EA0 /* APIRouter.swift in Sources */,
				BCF5F6DA2C4E5E93002D9EA0 /* UIViewController + Extension.swift in Sources */,
				BCF5F6522C4E2058002D9EA0 /* AppDelegate.swift in Sources */,
				BCF5F6B32C4E4FFC002D9EA0 /* ReusableIdentifier.swift in Sources */,
				BCF5F66C2C4E23E5002D9EA0 /* APIKey.swift in Sources */,
				BCF5F69D2C4E464C002D9EA0 /* BaseViewController.swift in Sources */,
				BCF5F6B62C4E5055002D9EA0 /* User.swift in Sources */,
				BCF5F6C12C4E5940002D9EA0 /* Observable.swift in Sources */,
				BCF5F6542C4E2058002D9EA0 /* SceneDelegate.swift in Sources */,
				BCF5F68A2C4E2AA3002D9EA0 /* APIClient.swift in Sources */,
				BCF5F6D62C4E5D09002D9EA0 /* SignUpViewModel.swift in Sources */,
				BCF5F68F2C4E2BBF002D9EA0 /* SearchPhotosResponse.swift in Sources */,
				BCF5F6A62C4E4D9D002D9EA0 /* BaseViewModel.swift in Sources */,
				BCF5F6972C4E336C002D9EA0 /* HexaColor.swift in Sources */,
				BCF5F6D82C4E5D2C002D9EA0 /* UIImage+Extension.swift in Sources */,
				BCF5F6CD2C4E5B2D002D9EA0 /* OnboardingView.swift in Sources */,
				BCF5F68C2C4E2B30002D9EA0 /* APIError.swift in Sources */,
				BCF5F6BF2C4E533C002D9EA0 /* TextInputFilter.swift in Sources */,
				BCF5F6BA2C4E529B002D9EA0 /* PhotoManager.swift in Sources */,
				BCF5F6C32C4E59DA002D9EA0 /* TextInputError.swift in Sources */,
				BCF5F6942C4E3277002D9EA0 /* UIColor+Extension.swift in Sources */,
				BCF5F6A82C4E4DB7002D9EA0 /* BaseView.swift in Sources */,
				BCF5F6AC2C4E4F46002D9EA0 /* RespositoryResult.swift in Sources */,
				BCF5F6D22C4E5CC6002D9EA0 /* SignUpView.swift in Sources */,
				BCF5F6C72C4E5A47002D9EA0 /* SplashView.swift in Sources */,
				BCF5F6AF2C4E4FA3002D9EA0 /* ViewTransition.swift in Sources */,
				BCF5F6AA2C4E4F0F002D9EA0 /* RealmRepository.swift in Sources */,
			);
			runOnlyForDeploymentPostprocessing = 0;
		};
/* End PBXSourcesBuildPhase section */

/* Begin PBXVariantGroup section */
		BCF5F65C2C4E2059002D9EA0 /* LaunchScreen.storyboard */ = {
			isa = PBXVariantGroup;
			children = (
				BCF5F65D2C4E2059002D9EA0 /* Base */,
			);
			name = LaunchScreen.storyboard;
			sourceTree = "<group>";
		};
/* End PBXVariantGroup section */

/* Begin XCBuildConfiguration section */
		BCF5F6602C4E2059002D9EA0 /* Debug */ = {
			isa = XCBuildConfiguration;
			buildSettings = {
				ALWAYS_SEARCH_USER_PATHS = NO;
				ASSETCATALOG_COMPILER_GENERATE_SWIFT_ASSET_SYMBOL_EXTENSIONS = YES;
				CLANG_ANALYZER_NONNULL = YES;
				CLANG_ANALYZER_NUMBER_OBJECT_CONVERSION = YES_AGGRESSIVE;
				CLANG_CXX_LANGUAGE_STANDARD = "gnu++20";
				CLANG_ENABLE_MODULES = YES;
				CLANG_ENABLE_OBJC_ARC = YES;
				CLANG_ENABLE_OBJC_WEAK = YES;
				CLANG_WARN_BLOCK_CAPTURE_AUTORELEASING = YES;
				CLANG_WARN_BOOL_CONVERSION = YES;
				CLANG_WARN_COMMA = YES;
				CLANG_WARN_CONSTANT_CONVERSION = YES;
				CLANG_WARN_DEPRECATED_OBJC_IMPLEMENTATIONS = YES;
				CLANG_WARN_DIRECT_OBJC_ISA_USAGE = YES_ERROR;
				CLANG_WARN_DOCUMENTATION_COMMENTS = YES;
				CLANG_WARN_EMPTY_BODY = YES;
				CLANG_WARN_ENUM_CONVERSION = YES;
				CLANG_WARN_INFINITE_RECURSION = YES;
				CLANG_WARN_INT_CONVERSION = YES;
				CLANG_WARN_NON_LITERAL_NULL_CONVERSION = YES;
				CLANG_WARN_OBJC_IMPLICIT_RETAIN_SELF = YES;
				CLANG_WARN_OBJC_LITERAL_CONVERSION = YES;
				CLANG_WARN_OBJC_ROOT_CLASS = YES_ERROR;
				CLANG_WARN_QUOTED_INCLUDE_IN_FRAMEWORK_HEADER = YES;
				CLANG_WARN_RANGE_LOOP_ANALYSIS = YES;
				CLANG_WARN_STRICT_PROTOTYPES = YES;
				CLANG_WARN_SUSPICIOUS_MOVE = YES;
				CLANG_WARN_UNGUARDED_AVAILABILITY = YES_AGGRESSIVE;
				CLANG_WARN_UNREACHABLE_CODE = YES;
				CLANG_WARN__DUPLICATE_METHOD_MATCH = YES;
				COPY_PHASE_STRIP = NO;
				DEBUG_INFORMATION_FORMAT = dwarf;
				ENABLE_STRICT_OBJC_MSGSEND = YES;
				ENABLE_TESTABILITY = YES;
				ENABLE_USER_SCRIPT_SANDBOXING = YES;
				GCC_C_LANGUAGE_STANDARD = gnu17;
				GCC_DYNAMIC_NO_PIC = NO;
				GCC_NO_COMMON_BLOCKS = YES;
				GCC_OPTIMIZATION_LEVEL = 0;
				GCC_PREPROCESSOR_DEFINITIONS = (
					"DEBUG=1",
					"$(inherited)",
				);
				GCC_WARN_64_TO_32_BIT_CONVERSION = YES;
				GCC_WARN_ABOUT_RETURN_TYPE = YES_ERROR;
				GCC_WARN_UNDECLARED_SELECTOR = YES;
				GCC_WARN_UNINITIALIZED_AUTOS = YES_AGGRESSIVE;
				GCC_WARN_UNUSED_FUNCTION = YES;
				GCC_WARN_UNUSED_VARIABLE = YES;
				IPHONEOS_DEPLOYMENT_TARGET = 17.5;
				LOCALIZATION_PREFERS_STRING_CATALOGS = YES;
				MTL_ENABLE_DEBUG_INFO = INCLUDE_SOURCE;
				MTL_FAST_MATH = YES;
				ONLY_ACTIVE_ARCH = YES;
				SDKROOT = iphoneos;
				SWIFT_ACTIVE_COMPILATION_CONDITIONS = "DEBUG $(inherited)";
				SWIFT_OPTIMIZATION_LEVEL = "-Onone";
			};
			name = Debug;
		};
		BCF5F6612C4E2059002D9EA0 /* Release */ = {
			isa = XCBuildConfiguration;
			buildSettings = {
				ALWAYS_SEARCH_USER_PATHS = NO;
				ASSETCATALOG_COMPILER_GENERATE_SWIFT_ASSET_SYMBOL_EXTENSIONS = YES;
				CLANG_ANALYZER_NONNULL = YES;
				CLANG_ANALYZER_NUMBER_OBJECT_CONVERSION = YES_AGGRESSIVE;
				CLANG_CXX_LANGUAGE_STANDARD = "gnu++20";
				CLANG_ENABLE_MODULES = YES;
				CLANG_ENABLE_OBJC_ARC = YES;
				CLANG_ENABLE_OBJC_WEAK = YES;
				CLANG_WARN_BLOCK_CAPTURE_AUTORELEASING = YES;
				CLANG_WARN_BOOL_CONVERSION = YES;
				CLANG_WARN_COMMA = YES;
				CLANG_WARN_CONSTANT_CONVERSION = YES;
				CLANG_WARN_DEPRECATED_OBJC_IMPLEMENTATIONS = YES;
				CLANG_WARN_DIRECT_OBJC_ISA_USAGE = YES_ERROR;
				CLANG_WARN_DOCUMENTATION_COMMENTS = YES;
				CLANG_WARN_EMPTY_BODY = YES;
				CLANG_WARN_ENUM_CONVERSION = YES;
				CLANG_WARN_INFINITE_RECURSION = YES;
				CLANG_WARN_INT_CONVERSION = YES;
				CLANG_WARN_NON_LITERAL_NULL_CONVERSION = YES;
				CLANG_WARN_OBJC_IMPLICIT_RETAIN_SELF = YES;
				CLANG_WARN_OBJC_LITERAL_CONVERSION = YES;
				CLANG_WARN_OBJC_ROOT_CLASS = YES_ERROR;
				CLANG_WARN_QUOTED_INCLUDE_IN_FRAMEWORK_HEADER = YES;
				CLANG_WARN_RANGE_LOOP_ANALYSIS = YES;
				CLANG_WARN_STRICT_PROTOTYPES = YES;
				CLANG_WARN_SUSPICIOUS_MOVE = YES;
				CLANG_WARN_UNGUARDED_AVAILABILITY = YES_AGGRESSIVE;
				CLANG_WARN_UNREACHABLE_CODE = YES;
				CLANG_WARN__DUPLICATE_METHOD_MATCH = YES;
				COPY_PHASE_STRIP = NO;
				DEBUG_INFORMATION_FORMAT = "dwarf-with-dsym";
				ENABLE_NS_ASSERTIONS = NO;
				ENABLE_STRICT_OBJC_MSGSEND = YES;
				ENABLE_USER_SCRIPT_SANDBOXING = YES;
				GCC_C_LANGUAGE_STANDARD = gnu17;
				GCC_NO_COMMON_BLOCKS = YES;
				GCC_WARN_64_TO_32_BIT_CONVERSION = YES;
				GCC_WARN_ABOUT_RETURN_TYPE = YES_ERROR;
				GCC_WARN_UNDECLARED_SELECTOR = YES;
				GCC_WARN_UNINITIALIZED_AUTOS = YES_AGGRESSIVE;
				GCC_WARN_UNUSED_FUNCTION = YES;
				GCC_WARN_UNUSED_VARIABLE = YES;
				IPHONEOS_DEPLOYMENT_TARGET = 17.5;
				LOCALIZATION_PREFERS_STRING_CATALOGS = YES;
				MTL_ENABLE_DEBUG_INFO = NO;
				MTL_FAST_MATH = YES;
				SDKROOT = iphoneos;
				SWIFT_COMPILATION_MODE = wholemodule;
				VALIDATE_PRODUCT = YES;
			};
			name = Release;
		};
		BCF5F6632C4E2059002D9EA0 /* Debug */ = {
			isa = XCBuildConfiguration;
			buildSettings = {
				ASSETCATALOG_COMPILER_APPICON_NAME = AppIcon;
				ASSETCATALOG_COMPILER_GLOBAL_ACCENT_COLOR_NAME = AccentColor;
				CODE_SIGN_STYLE = Automatic;
				CURRENT_PROJECT_VERSION = 1;
				DEVELOPMENT_TEAM = F8FT97JYZT;
				GENERATE_INFOPLIST_FILE = YES;
				INFOPLIST_FILE = UnsplashMobile/Info.plist;
				INFOPLIST_KEY_UIApplicationSupportsIndirectInputEvents = YES;
				INFOPLIST_KEY_UILaunchStoryboardName = LaunchScreen;
				INFOPLIST_KEY_UISupportedInterfaceOrientations = UIInterfaceOrientationPortrait;
				INFOPLIST_KEY_UISupportedInterfaceOrientations_iPad = UIInterfaceOrientationPortrait;
				IPHONEOS_DEPLOYMENT_TARGET = 15.0;
				LD_RUNPATH_SEARCH_PATHS = (
					"$(inherited)",
					"@executable_path/Frameworks",
				);
				MARKETING_VERSION = 1.0;
				PRODUCT_BUNDLE_IDENTIFIER = tunastorm.UnsplashMobile;
				PRODUCT_NAME = "$(TARGET_NAME)";
				SUPPORTED_PLATFORMS = "iphoneos iphonesimulator";
				SUPPORTS_MACCATALYST = NO;
				SUPPORTS_MAC_DESIGNED_FOR_IPHONE_IPAD = NO;
				SUPPORTS_XR_DESIGNED_FOR_IPHONE_IPAD = NO;
				SWIFT_EMIT_LOC_STRINGS = YES;
				SWIFT_VERSION = 5.0;
				TARGETED_DEVICE_FAMILY = 1;
			};
			name = Debug;
		};
		BCF5F6642C4E2059002D9EA0 /* Release */ = {
			isa = XCBuildConfiguration;
			buildSettings = {
				ASSETCATALOG_COMPILER_APPICON_NAME = AppIcon;
				ASSETCATALOG_COMPILER_GLOBAL_ACCENT_COLOR_NAME = AccentColor;
				CODE_SIGN_STYLE = Automatic;
				CURRENT_PROJECT_VERSION = 1;
				DEVELOPMENT_TEAM = F8FT97JYZT;
				GENERATE_INFOPLIST_FILE = YES;
				INFOPLIST_FILE = UnsplashMobile/Info.plist;
				INFOPLIST_KEY_UIApplicationSupportsIndirectInputEvents = YES;
				INFOPLIST_KEY_UILaunchStoryboardName = LaunchScreen;
				INFOPLIST_KEY_UISupportedInterfaceOrientations = UIInterfaceOrientationPortrait;
				INFOPLIST_KEY_UISupportedInterfaceOrientations_iPad = UIInterfaceOrientationPortrait;
				IPHONEOS_DEPLOYMENT_TARGET = 15.0;
				LD_RUNPATH_SEARCH_PATHS = (
					"$(inherited)",
					"@executable_path/Frameworks",
				);
				MARKETING_VERSION = 1.0;
				PRODUCT_BUNDLE_IDENTIFIER = tunastorm.UnsplashMobile;
				PRODUCT_NAME = "$(TARGET_NAME)";
				SUPPORTED_PLATFORMS = "iphoneos iphonesimulator";
				SUPPORTS_MACCATALYST = NO;
				SUPPORTS_MAC_DESIGNED_FOR_IPHONE_IPAD = NO;
				SUPPORTS_XR_DESIGNED_FOR_IPHONE_IPAD = NO;
				SWIFT_EMIT_LOC_STRINGS = YES;
				SWIFT_VERSION = 5.0;
				TARGETED_DEVICE_FAMILY = 1;
			};
			name = Release;
		};
/* End XCBuildConfiguration section */

/* Begin XCConfigurationList section */
		BCF5F6492C4E2058002D9EA0 /* Build configuration list for PBXProject "UnsplashMobile" */ = {
			isa = XCConfigurationList;
			buildConfigurations = (
				BCF5F6602C4E2059002D9EA0 /* Debug */,
				BCF5F6612C4E2059002D9EA0 /* Release */,
			);
			defaultConfigurationIsVisible = 0;
			defaultConfigurationName = Release;
		};
		BCF5F6622C4E2059002D9EA0 /* Build configuration list for PBXNativeTarget "UnsplashMobile" */ = {
			isa = XCConfigurationList;
			buildConfigurations = (
				BCF5F6632C4E2059002D9EA0 /* Debug */,
				BCF5F6642C4E2059002D9EA0 /* Release */,
			);
			defaultConfigurationIsVisible = 0;
			defaultConfigurationName = Release;
		};
/* End XCConfigurationList section */

/* Begin XCRemoteSwiftPackageReference section */
		BCF5F6742C4E2574002D9EA0 /* XCRemoteSwiftPackageReference "SnapKit" */ = {
			isa = XCRemoteSwiftPackageReference;
			repositoryURL = "https://github.com/SnapKit/SnapKit.git";
			requirement = {
				kind = upToNextMajorVersion;
				minimumVersion = 5.7.1;
			};
		};
		BCF5F6772C4E257A002D9EA0 /* XCRemoteSwiftPackageReference "Then" */ = {
			isa = XCRemoteSwiftPackageReference;
			repositoryURL = "https://github.com/devxoul/Then.git";
			requirement = {
				kind = upToNextMajorVersion;
				minimumVersion = 3.0.0;
			};
		};
		BCF5F67A2C4E2589002D9EA0 /* XCRemoteSwiftPackageReference "Alamofire" */ = {
			isa = XCRemoteSwiftPackageReference;
			repositoryURL = "https://github.com/Alamofire/Alamofire.git";
			requirement = {
				kind = upToNextMajorVersion;
				minimumVersion = 5.9.1;
			};
		};
		BCF5F67D2C4E2594002D9EA0 /* XCRemoteSwiftPackageReference "Toast-Swift" */ = {
			isa = XCRemoteSwiftPackageReference;
			repositoryURL = "https://github.com/scalessec/Toast-Swift.git";
			requirement = {
				kind = upToNextMajorVersion;
				minimumVersion = 5.1.1;
			};
		};
		BCF5F6802C4E259A002D9EA0 /* XCRemoteSwiftPackageReference "Kingfisher" */ = {
			isa = XCRemoteSwiftPackageReference;
			repositoryURL = "https://github.com/onevcat/Kingfisher.git";
			requirement = {
				kind = upToNextMajorVersion;
				minimumVersion = 7.12.0;
			};
		};
		BCF5F6832C4E25A3002D9EA0 /* XCRemoteSwiftPackageReference "IQKeyboardManager" */ = {
			isa = XCRemoteSwiftPackageReference;
			repositoryURL = "https://github.com/hackiftekhar/IQKeyboardManager.git";
			requirement = {
				kind = upToNextMajorVersion;
				minimumVersion = 7.1.1;
			};
		};
		BCF5F6862C4E25D8002D9EA0 /* XCRemoteSwiftPackageReference "realm-swift" */ = {
			isa = XCRemoteSwiftPackageReference;
			repositoryURL = "https://github.com/realm/realm-swift.git";
			requirement = {
				kind = exactVersion;
				version = 10.52.1;
			};
		};
/* End XCRemoteSwiftPackageReference section */

/* Begin XCSwiftPackageProductDependency section */
		BCF5F6752C4E2574002D9EA0 /* SnapKit */ = {
			isa = XCSwiftPackageProductDependency;
			package = BCF5F6742C4E2574002D9EA0 /* XCRemoteSwiftPackageReference "SnapKit" */;
			productName = SnapKit;
		};
		BCF5F6782C4E257A002D9EA0 /* Then */ = {
			isa = XCSwiftPackageProductDependency;
			package = BCF5F6772C4E257A002D9EA0 /* XCRemoteSwiftPackageReference "Then" */;
			productName = Then;
		};
		BCF5F67B2C4E2589002D9EA0 /* Alamofire */ = {
			isa = XCSwiftPackageProductDependency;
			package = BCF5F67A2C4E2589002D9EA0 /* XCRemoteSwiftPackageReference "Alamofire" */;
			productName = Alamofire;
		};
		BCF5F67E2C4E2594002D9EA0 /* Toast */ = {
			isa = XCSwiftPackageProductDependency;
			package = BCF5F67D2C4E2594002D9EA0 /* XCRemoteSwiftPackageReference "Toast-Swift" */;
			productName = Toast;
		};
		BCF5F6812C4E259A002D9EA0 /* Kingfisher */ = {
			isa = XCSwiftPackageProductDependency;
			package = BCF5F6802C4E259A002D9EA0 /* XCRemoteSwiftPackageReference "Kingfisher" */;
			productName = Kingfisher;
		};
		BCF5F6842C4E25A3002D9EA0 /* IQKeyboardManagerSwift */ = {
			isa = XCSwiftPackageProductDependency;
			package = BCF5F6832C4E25A3002D9EA0 /* XCRemoteSwiftPackageReference "IQKeyboardManager" */;
			productName = IQKeyboardManagerSwift;
		};
		BCF5F6872C4E25D8002D9EA0 /* RealmSwift */ = {
			isa = XCSwiftPackageProductDependency;
			package = BCF5F6862C4E25D8002D9EA0 /* XCRemoteSwiftPackageReference "realm-swift" */;
			productName = RealmSwift;
		};
/* End XCSwiftPackageProductDependency section */
	};
	rootObject = BCF5F6462C4E2058002D9EA0 /* Project object */;
}
